
Microsoft Visual Studio Solution File, Format Version 12.00
# Visual Studio Version 16
VisualStudioVersion = 16.0.30413.136
MinimumVisualStudioVersion = 10.0.40219.1
Project("{FAE04EC0-301F-11D3-BF4B-00C04F79EFBC}") = "Gui", "..\Gui\Gui.csproj", "{3A9CC2E8-EAC8-4F32-92EE-D9FB58C02018}"
EndProject
Project("{FAE04EC0-301F-11D3-BF4B-00C04F79EFBC}") = "KvadratnaJednadzba2", "..\KvadratnaJednadzba2\KvadratnaJednadzba2.csproj", "{69207BD3-2703-4643-B931-F05369A15CE2}"
EndProject
Global
	GlobalSection(SolutionConfigurationPlatforms) = preSolution
		Debug|Any CPU = Debug|Any CPU
		Release|Any CPU = Release|Any CPU
	EndGlobalSection
	GlobalSection(ProjectConfigurationPlatforms) = postSolution
		{3A9CC2E8-EAC8-4F32-92EE-D9FB58C02018}.Debug|Any CPU.ActiveCfg = Debug|Any CPU
		{3A9CC2E8-EAC8-4F32-92EE-D9FB58C02018}.Debug|Any CPU.Build.0 = Debug|Any CPU
		{3A9CC2E8-EAC8-4F32-92EE-D9FB58C02018}.Release|Any CPU.ActiveCfg = Release|Any CPU
		{3A9CC2E8-EAC8-4F32-92EE-D9FB58C02018}.Release|Any CPU.Build.0 = Release|Any CPU
		{69207BD3-2703-4643-B931-F05369A15CE2}.Debug|Any CPU.ActiveCfg = Debug|Any CPU
		{69207BD3-2703-4643-B931-F05369A15CE2}.Debug|Any CPU.Build.0 = Debug|Any CPU
		{69207BD3-2703-4643-B931-F05369A15CE2}.Release|Any CPU.ActiveCfg = Release|Any CPU
		{69207BD3-2703-4643-B931-F05369A15CE2}.Release|Any CPU.Build.0 = Release|Any CPU
	EndGlobalSection
	GlobalSection(SolutionProperties) = preSolution
		HideSolutionNode = FALSE
	EndGlobalSection
	GlobalSection(ExtensibilityGlobals) = postSolution
		SolutionGuid = {C0E8C7B7-6357-4C73-87A0-2401E1483E39}
	EndGlobalSection
EndGlobal
